
Microsoft Visual Studio Solution File, Format Version 12.00
# Visual Studio 15
VisualStudioVersion = 15.0.26403.7
MinimumVisualStudioVersion = 10.0.40219.1
Project("{FAE04EC0-301F-11D3-BF4B-00C04F79EFBC}") = "ProseDemo", "ProseDemo\ProseDemo.csproj", "{46213876-07A8-4507-9BB8-EE129B6ED399}"
EndProject
Project("{FAE04EC0-301F-11D3-BF4B-00C04F79EFBC}") = "ProseDemo.Web", "ProseDemo.Web\ProseDemo.Web.csproj", "{F2184B4C-415F-4BCA-9E4C-BF7E63BE1D6A}"
EndProject
Global
	GlobalSection(SolutionConfigurationPlatforms) = preSolution
		Debug|Any CPU = Debug|Any CPU
		Release|Any CPU = Release|Any CPU
	EndGlobalSection
	GlobalSection(ProjectConfigurationPlatforms) = postSolution
		{46213876-07A8-4507-9BB8-EE129B6ED399}.Debug|Any CPU.ActiveCfg = Debug|Any CPU
		{46213876-07A8-4507-9BB8-EE129B6ED399}.Debug|Any CPU.Build.0 = Debug|Any CPU
		{46213876-07A8-4507-9BB8-EE129B6ED399}.Release|Any CPU.ActiveCfg = Release|Any CPU
		{46213876-07A8-4507-9BB8-EE129B6ED399}.Release|Any CPU.Build.0 = Release|Any CPU
		{F2184B4C-415F-4BCA-9E4C-BF7E63BE1D6A}.Debug|Any CPU.ActiveCfg = Debug|Any CPU
		{F2184B4C-415F-4BCA-9E4C-BF7E63BE1D6A}.Debug|Any CPU.Build.0 = Debug|Any CPU
		{F2184B4C-415F-4BCA-9E4C-BF7E63BE1D6A}.Release|Any CPU.ActiveCfg = Release|Any CPU
		{F2184B4C-415F-4BCA-9E4C-BF7E63BE1D6A}.Release|Any CPU.Build.0 = Release|Any CPU
	EndGlobalSection
	GlobalSection(SolutionProperties) = preSolution
		HideSolutionNode = FALSE
	EndGlobalSection
EndGlobal
